
Microsoft Visual Studio Solution File, Format Version 12.00
# Visual Studio Version 16
VisualStudioVersion = 16.0.31112.23
MinimumVisualStudioVersion = 10.0.40219.1
Project("{9A19103F-16F7-4668-BE54-9A1E7A4F7556}") = "ServerlessFunctions", "ServerlessFunctions\ServerlessFunctions.csproj", "{10E7868F-1B4F-46B9-AC14-D6CC883EDE5B}"
EndProject
Global
	GlobalSection(SolutionConfigurationPlatforms) = preSolution
		Debug|Any CPU = Debug|Any CPU
		Release|Any CPU = Release|Any CPU
	EndGlobalSection
	GlobalSection(ProjectConfigurationPlatforms) = postSolution
		{10E7868F-1B4F-46B9-AC14-D6CC883EDE5B}.Debug|Any CPU.ActiveCfg = Debug|Any CPU
		{10E7868F-1B4F-46B9-AC14-D6CC883EDE5B}.Debug|Any CPU.Build.0 = Debug|Any CPU
		{10E7868F-1B4F-46B9-AC14-D6CC883EDE5B}.Release|Any CPU.ActiveCfg = Release|Any CPU
		{10E7868F-1B4F-46B9-AC14-D6CC883EDE5B}.Release|Any CPU.Build.0 = Release|Any CPU
	EndGlobalSection
	GlobalSection(SolutionProperties) = preSolution
		HideSolutionNode = FALSE
	EndGlobalSection
	GlobalSection(ExtensibilityGlobals) = postSolution
		SolutionGuid = {D4CD31AF-2FB3-40CE-B35A-A15E85E2A74C}
	EndGlobalSection
EndGlobal
